{
  "requires": true,
  "lockfileVersion": 1,
  "dependencies": {
    "@colyseus/http": {
      "version": "2.0.0",
      "resolved": "https://registry.npmjs.org/@colyseus/http/-/http-2.0.0.tgz",
      "integrity": "sha512-GLg13402o160vBcjcO5uupVzf8FLAFtMQKvi7QdfxG2OvPFHx+s6wws5CAWOvcyqA97aR4Xzqxngp8AEX7ndNA==",
      "dev": true
    },
    "@colyseus/loadtest": {
      "version": "0.14.2",
      "resolved": "https://registry.npmjs.org/@colyseus/loadtest/-/loadtest-0.14.2.tgz",
      "integrity": "sha512-nMIhG/lMGIkxtkc0at0PQsLCnEKKEjBoOXWkdADs5XGL1A07OtGfoyiDJvQyB7ThQIY3EC16Lr4fIRFSZfDdvw==",
      "dev": true,
      "requires": {
        "@types/node": "^10.12.18",
        "blessed": "^0.1.81",
        "colyseus.js": "^0.14.0",
        "minimist": "^1.2.0",
        "ts-node": "^7.0.1",
        "typescript": "^3.2.4",
        "ws": "^6.1.4"
      }
    },
    "@colyseus/schema": {
      "version": "1.0.13",
      "resolved": "https://registry.npmjs.org/@colyseus/schema/-/schema-1.0.13.tgz",
      "integrity": "sha512-aX4YMWTCwhn79zGf/omSQQ5xdONFzt1YXeWUF6glxKIlSJVjjskJ5MB4YPnBfkjP7aJLleCyQ1t3TwIXvteIYQ==",
      "dev": true
    },
    "@gamestdio/signals": {
      "version": "1.0.0",
      "resolved": "https://registry.npmjs.org/@gamestdio/signals/-/signals-1.0.0.tgz",
      "integrity": "sha512-EPWA3IkJ+xDT1K/xV53m5N4h/g4qzpf4NG6GustZLT1wp3T59YPonGQ9LLl3+YMNwSNj0yawX4wUpOnuQJ96Ug==",
      "dev": true
    },
    "@gamestdio/state-listener": {
      "version": "3.1.0",
      "resolved": "https://registry.npmjs.org/@gamestdio/state-listener/-/state-listener-3.1.0.tgz",
      "integrity": "sha512-FEKarKXEeXvCrzilFw9ANOxKkdtFfHXYqJNCaYEhTV+13x02o7HXDFetJAoQCAT9AVgiHUd3Ylo5mOukAegPoA==",
      "dev": true
    },
    "@gamestdio/websocket": {
      "version": "0.3.2",
      "resolved": "https://registry.npmjs.org/@gamestdio/websocket/-/websocket-0.3.2.tgz",
      "integrity": "sha512-J3n5SKim+ZoLbe44hRGI/VYAwSMCeIJuBy+FfP6EZaujEpNchPRFcIsVQLWAwpU1bP2Ji63rC+rEUOd1vjUB6Q==",
      "dev": true
    },
    "@types/node": {
      "version": "10.17.54",
      "resolved": "https://registry.npmjs.org/@types/node/-/node-10.17.54.tgz",
      "integrity": "sha512-c8Lm7+hXdSPmWH4B9z/P/xIXhFK3mCQin4yCYMd2p1qpMG5AfgyJuYZ+3q2dT7qLiMMMGMd5dnkFpdqJARlvtQ==",
      "dev": true
    },
    "arrify": {
      "version": "1.0.1",
      "resolved": "https://registry.npmjs.org/arrify/-/arrify-1.0.1.tgz",
      "integrity": "sha1-iYUI2iIm84DfkEcoRWhJwVAaSw0=",
      "dev": true
    },
    "async-limiter": {
      "version": "1.0.1",
      "resolved": "https://registry.npmjs.org/async-limiter/-/async-limiter-1.0.1.tgz",
      "integrity": "sha512-csOlWGAcRFJaI6m+F2WKdnMKr4HhdhFVBk0H/QbJFMCr+uO2kwohwXQPxw/9OCxp05r5ghVBFSyioixx3gfkNQ==",
      "dev": true
    },
    "blessed": {
      "version": "0.1.81",
      "resolved": "https://registry.npmjs.org/blessed/-/blessed-0.1.81.tgz",
      "integrity": "sha1-+WLWh+wsNpVwrnGvhDJW5tDKESk=",
      "dev": true
    },
    "buffer-from": {
      "version": "1.1.1",
      "resolved": "https://registry.npmjs.org/buffer-from/-/buffer-from-1.1.1.tgz",
      "integrity": "sha512-MQcXEUbCKtEo7bhqEs6560Hyd4XaovZlO/k9V3hjVUF/zwW7KBVdSK4gIt/bzwS9MbR5qob+F5jusZsb0YQK2A==",
      "dev": true
    },
    "colyseus.js": {
      "version": "0.14.1",
      "resolved": "https://registry.npmjs.org/colyseus.js/-/colyseus.js-0.14.1.tgz",
      "integrity": "sha512-AFdqXmnI7dH235+VCOk3GU+SRBe6moQ6GLuEnaGbA6uLnKbpMhO9UZ6FaORUTlKcjoLXYY0ejev/OAHQXarKzw==",
      "dev": true,
      "requires": {
        "@colyseus/http": "^2.0.0",
        "@colyseus/schema": "^1.0.0",
        "@gamestdio/signals": "^1.0.0",
        "@gamestdio/state-listener": "^3.1.0",
        "@gamestdio/websocket": "^0.3.2",
        "fossil-delta": "^1.0.0",
        "nanoevents": "^5.1.5",
        "notepack.io": "^2.1.3",
        "strong-events": "^1.0.5"
      }
    },
    "diff": {
      "version": "3.5.0",
      "resolved": "https://registry.npmjs.org/diff/-/diff-3.5.0.tgz",
      "integrity": "sha512-A46qtFgd+g7pDZinpnwiRJtxbC1hpgf0uzP3iG89scHk0AUC7A1TGxf5OiiOUv/JMZR8GOt8hL900hV0bOy5xA==",
      "dev": true
    },
    "fossil-delta": {
      "version": "1.0.2",
      "resolved": "https://registry.npmjs.org/fossil-delta/-/fossil-delta-1.0.2.tgz",
      "integrity": "sha512-fkgQUnBaJjhDq0DN1ajBlWWRH99NQgwVoReMEr0oXLqYXAx8X9mD5gGaoTYDdVVbLJYsMNrnkJ028Ld0UgWrGA==",
      "dev": true
    },
    "make-error": {
      "version": "1.3.6",
      "resolved": "https://registry.npmjs.org/make-error/-/make-error-1.3.6.tgz",
      "integrity": "sha512-s8UhlNe7vPKomQhC1qFelMokr/Sc3AgNbso3n74mVPA5LTZwkB9NlXf4XPamLxJE8h0gh73rM94xvwRT2CVInw==",
      "dev": true
    },
    "minimist": {
      "version": "1.2.5",
      "resolved": "https://registry.npmjs.org/minimist/-/minimist-1.2.5.tgz",
      "integrity": "sha512-FM9nNUYrRBAELZQT3xeZQ7fmMOBg6nWNmJKTcgsJeaLstP/UODVpGsr5OhXhhXg6f+qtJ8uiZ+PUxkDWcgIXLw==",
      "dev": true
    },
    "mkdirp": {
      "version": "0.5.5",
      "resolved": "https://registry.npmjs.org/mkdirp/-/mkdirp-0.5.5.tgz",
      "integrity": "sha512-NKmAlESf6jMGym1++R0Ra7wvhV+wFW63FaSOFPwRahvea0gMUcGUhVeAg/0BC0wiv9ih5NYPB1Wn1UEI1/L+xQ==",
      "dev": true,
      "requires": {
        "minimist": "^1.2.5"
      }
    },
    "nanoevents": {
      "version": "5.1.11",
      "resolved": "https://registry.npmjs.org/nanoevents/-/nanoevents-5.1.11.tgz",
      "integrity": "sha512-2miSPjLe0ffTp4UzdC2nn9G7O9Pi6xBGlo86UTfJ3qYF7whtNYjY/HuRbXx+0Vk/l1lIvhBCEhd3TmfB1YAgEQ==",
      "dev": true
    },
    "notepack.io": {
      "version": "2.3.0",
      "resolved": "https://registry.npmjs.org/notepack.io/-/notepack.io-2.3.0.tgz",
      "integrity": "sha512-9RiFDxeydHsWOqdthRUck2Kd4UW2NzVd2xxOulZiQ9mvge6ElsHXLpwD3HEJyql6sFEnEn/eMO7HSdS0M5mWkA==",
      "dev": true
    },
    "source-map": {
      "version": "0.6.1",
      "resolved": "https://registry.npmjs.org/source-map/-/source-map-0.6.1.tgz",
      "integrity": "sha512-UjgapumWlbMhkBgzT7Ykc5YXUT46F0iKu8SGXq0bcwP5dz/h0Plj6enJqjz1Zbq2l5WaqYnrVbwWOWMyF3F47g==",
      "dev": true
    },
    "source-map-support": {
      "version": "0.5.19",
      "resolved": "https://registry.npmjs.org/source-map-support/-/source-map-support-0.5.19.tgz",
      "integrity": "sha512-Wonm7zOCIJzBGQdB+thsPar0kYuCIzYvxZwlBa87yi/Mdjv7Tip2cyVbLj5o0cFPN4EVkuTwb3GDDyUx2DGnGw==",
      "dev": true,
      "requires": {
        "buffer-from": "^1.0.0",
        "source-map": "^0.6.0"
      }
    },
    "strong-events": {
      "version": "1.0.7",
      "resolved": "https://registry.npmjs.org/strong-events/-/strong-events-1.0.7.tgz",
      "integrity": "sha512-zKYPfTtLaZiwDoDiGkNQdurbGhzVS7oE23AmHOnA6rUp4E7FeF7Z6xbHQEqSRqNyaTN+X3rcppfobypf0k3Ltg==",
      "dev": true
    },
    "ts-node": {
      "version": "7.0.1",
      "resolved": "https://registry.npmjs.org/ts-node/-/ts-node-7.0.1.tgz",
      "integrity": "sha512-BVwVbPJRspzNh2yfslyT1PSbl5uIk03EZlb493RKHN4qej/D06n1cEhjlOJG69oFsE7OT8XjpTUcYf6pKTLMhw==",
      "dev": true,
      "requires": {
        "arrify": "^1.0.0",
        "buffer-from": "^1.1.0",
        "diff": "^3.1.0",
        "make-error": "^1.1.1",
        "minimist": "^1.2.0",
        "mkdirp": "^0.5.1",
        "source-map-support": "^0.5.6",
        "yn": "^2.0.0"
      }
    },
    "typescript": {
      "version": "3.9.9",
      "resolved": "https://registry.npmjs.org/typescript/-/typescript-3.9.9.tgz",
      "integrity": "sha512-kdMjTiekY+z/ubJCATUPlRDl39vXYiMV9iyeMuEuXZh2we6zz80uovNN2WlAxmmdE/Z/YQe+EbOEXB5RHEED3w==",
      "dev": true
    },
    "ws": {
      "version": "6.2.1",
      "resolved": "https://registry.npmjs.org/ws/-/ws-6.2.1.tgz",
      "integrity": "sha512-GIyAXC2cB7LjvpgMt9EKS2ldqr0MTrORaleiOno6TweZ6r3TKtoFQWay/2PceJ3RuBasOHzXNn5Lrw1X0bEjqA==",
      "dev": true,
      "requires": {
        "async-limiter": "~1.0.0"
      }
    },
    "yn": {
      "version": "2.0.0",
      "resolved": "https://registry.npmjs.org/yn/-/yn-2.0.0.tgz",
      "integrity": "sha1-5a2ryKz0CPY4X8dklWhMiOavaJo=",
      "dev": true
    }
  }
}
